
Microsoft Visual Studio Solution File, Format Version 12.00
# Visual Studio 15
VisualStudioVersion = 15.0.28307.757
MinimumVisualStudioVersion = 10.0.40219.1
Project("{8BC9CEB8-8B4A-11D0-8D11-00A0C91BC942}") = "Day02", "Day02\Day02.vcxproj", "{579DF733-BDAB-433A-A5F0-91F009DE7171}"
EndProject
Global
	GlobalSection(SolutionConfigurationPlatforms) = preSolution
		Debug|x64 = Debug|x64
		Debug|x86 = Debug|x86
		Release|x64 = Release|x64
		Release|x86 = Release|x86
	EndGlobalSection
	GlobalSection(ProjectConfigurationPlatforms) = postSolution
		{579DF733-BDAB-433A-A5F0-91F009DE7171}.Debug|x64.ActiveCfg = Debug|x64
		{579DF733-BDAB-433A-A5F0-91F009DE7171}.Debug|x64.Build.0 = Debug|x64
		{579DF733-BDAB-433A-A5F0-91F009DE7171}.Debug|x86.ActiveCfg = Debug|Win32
		{579DF733-BDAB-433A-A5F0-91F009DE7171}.Debug|x86.Build.0 = Debug|Win32
		{579DF733-BDAB-433A-A5F0-91F009DE7171}.Release|x64.ActiveCfg = Release|x64
		{579DF733-BDAB-433A-A5F0-91F009DE7171}.Release|x64.Build.0 = Release|x64
		{579DF733-BDAB-433A-A5F0-91F009DE7171}.Release|x86.ActiveCfg = Release|Win32
		{579DF733-BDAB-433A-A5F0-91F009DE7171}.Release|x86.Build.0 = Release|Win32
	EndGlobalSection
	GlobalSection(SolutionProperties) = preSolution
		HideSolutionNode = FALSE
	EndGlobalSection
	GlobalSection(ExtensibilityGlobals) = postSolution
		SolutionGuid = {2E6BC03E-2641-4A4D-AB4B-032104041E4C}
	EndGlobalSection
EndGlobal
